
Microsoft Visual Studio Solution File, Format Version 12.00
# Visual Studio Version 17
VisualStudioVersion = 17.10.34916.146
MinimumVisualStudioVersion = 10.0.40219.1
Project("{9A19103F-16F7-4668-BE54-9A1E7A4F7556}") = "SnakeGame", "SnakeGame\SnakeGame.csproj", "{917A2DBD-1B68-4661-98A0-85BBC4345267}"
EndProject
Project("{9A19103F-16F7-4668-BE54-9A1E7A4F7556}") = "CustomTimers", "CustomTimers\CustomTimers.csproj", "{FBEF96AF-51BA-4EE4-AA2F-5884EB22C98F}"
EndProject
Project("{9A19103F-16F7-4668-BE54-9A1E7A4F7556}") = "GameLogic", "GameLogic\GameLogic.csproj", "{5C82DA5C-BC0B-486E-9835-545934FB6DDE}"
EndProject
Project("{2150E333-8FDC-42A3-9474-1A3956D46DE8}") = "Solution Items", "Solution Items", "{642E2F7F-5186-4156-A2D3-AAE33113C6B1}"
	ProjectSection(SolutionItems) = preProject
		.editorconfig = .editorconfig
		build.yml = build.yml
		.github\workflows\test.yml = .github\workflows\test.yml
	EndProjectSection
EndProject
Project("{9A19103F-16F7-4668-BE54-9A1E7A4F7556}") = "GameTests", "GameTests\GameTests.csproj", "{6E0BD0CB-3BD4-46EC-8B1F-6785733FE1DF}"
EndProject
Global
	GlobalSection(SolutionConfigurationPlatforms) = preSolution
		Debug|Any CPU = Debug|Any CPU
		Release|Any CPU = Release|Any CPU
	EndGlobalSection
	GlobalSection(ProjectConfigurationPlatforms) = postSolution
		{917A2DBD-1B68-4661-98A0-85BBC4345267}.Debug|Any CPU.ActiveCfg = Debug|Any CPU
		{917A2DBD-1B68-4661-98A0-85BBC4345267}.Debug|Any CPU.Build.0 = Debug|Any CPU
		{917A2DBD-1B68-4661-98A0-85BBC4345267}.Release|Any CPU.ActiveCfg = Release|Any CPU
		{917A2DBD-1B68-4661-98A0-85BBC4345267}.Release|Any CPU.Build.0 = Release|Any CPU
		{FBEF96AF-51BA-4EE4-AA2F-5884EB22C98F}.Debug|Any CPU.ActiveCfg = Debug|Any CPU
		{FBEF96AF-51BA-4EE4-AA2F-5884EB22C98F}.Debug|Any CPU.Build.0 = Debug|Any CPU
		{FBEF96AF-51BA-4EE4-AA2F-5884EB22C98F}.Release|Any CPU.ActiveCfg = Release|Any CPU
		{FBEF96AF-51BA-4EE4-AA2F-5884EB22C98F}.Release|Any CPU.Build.0 = Release|Any CPU
		{5C82DA5C-BC0B-486E-9835-545934FB6DDE}.Debug|Any CPU.ActiveCfg = Debug|Any CPU
		{5C82DA5C-BC0B-486E-9835-545934FB6DDE}.Debug|Any CPU.Build.0 = Debug|Any CPU
		{5C82DA5C-BC0B-486E-9835-545934FB6DDE}.Release|Any CPU.ActiveCfg = Release|Any CPU
		{5C82DA5C-BC0B-486E-9835-545934FB6DDE}.Release|Any CPU.Build.0 = Release|Any CPU
		{6E0BD0CB-3BD4-46EC-8B1F-6785733FE1DF}.Debug|Any CPU.ActiveCfg = Debug|Any CPU
		{6E0BD0CB-3BD4-46EC-8B1F-6785733FE1DF}.Debug|Any CPU.Build.0 = Debug|Any CPU
		{6E0BD0CB-3BD4-46EC-8B1F-6785733FE1DF}.Release|Any CPU.ActiveCfg = Release|Any CPU
		{6E0BD0CB-3BD4-46EC-8B1F-6785733FE1DF}.Release|Any CPU.Build.0 = Release|Any CPU
	EndGlobalSection
	GlobalSection(SolutionProperties) = preSolution
		HideSolutionNode = FALSE
	EndGlobalSection
	GlobalSection(ExtensibilityGlobals) = postSolution
		SolutionGuid = {36C72220-3ED4-436B-99E3-4ECC377779F9}
	EndGlobalSection
EndGlobal
